
Microsoft Visual Studio Solution File, Format Version 12.00
# Visual Studio Version 17
VisualStudioVersion = 17.0.31903.59
MinimumVisualStudioVersion = 10.0.40219.1
Project("{FAE04EC0-301F-11D3-BF4B-00C04F79EFBC}") = "ActorBank.Abstractions", "ActorBank.Abstractions\ActorBank.Abstractions.csproj", "{D45C8AF7-A0C9-4A20-8627-2825FE310A8C}"
EndProject
Project("{FAE04EC0-301F-11D3-BF4B-00C04F79EFBC}") = "ActorBank.Grains", "ActorBank.Grains\ActorBank.Grains.csproj", "{C8679F6C-F688-4489-A60E-06534E4954CE}"
EndProject
Project("{FAE04EC0-301F-11D3-BF4B-00C04F79EFBC}") = "ActorBank.Api", "ActorBank.Api\ActorBank.Api.csproj", "{B74A57F9-7F31-405C-B1F5-AE000111F094}"
EndProject
Project("{2150E333-8FDC-42A3-9474-1A3956D46DE8}") = "tests", "tests", "{0AB3BF05-4346-4AA6-1389-037BE0695223}"
EndProject
Project("{FAE04EC0-301F-11D3-BF4B-00C04F79EFBC}") = "ActorBank.Tests", "tests\ActorBank.Tests\ActorBank.Tests.csproj", "{ED06BB54-AD81-4608-9A66-FDF73B220F58}"
EndProject
Project("{FAE04EC0-301F-11D3-BF4B-00C04F79EFBC}") = "ActorBank.ServiceDefaults", "ActorBank.ServiceDefaults\ActorBank.ServiceDefaults.csproj", "{4429EBD7-CF85-41D9-BE47-C89DA384416E}"
EndProject
Project("{FAE04EC0-301F-11D3-BF4B-00C04F79EFBC}") = "ActorBank.AppHost", "ActorBank.AppHost\ActorBank.AppHost.csproj", "{D6E77650-CF58-49FD-A5BD-48BDE578F66D}"
EndProject
Global
	GlobalSection(SolutionConfigurationPlatforms) = preSolution
		Debug|Any CPU = Debug|Any CPU
		Debug|x64 = Debug|x64
		Debug|x86 = Debug|x86
		Release|Any CPU = Release|Any CPU
		Release|x64 = Release|x64
		Release|x86 = Release|x86
	EndGlobalSection
	GlobalSection(ProjectConfigurationPlatforms) = postSolution
		{D45C8AF7-A0C9-4A20-8627-2825FE310A8C}.Debug|Any CPU.ActiveCfg = Debug|Any CPU
		{D45C8AF7-A0C9-4A20-8627-2825FE310A8C}.Debug|Any CPU.Build.0 = Debug|Any CPU
		{D45C8AF7-A0C9-4A20-8627-2825FE310A8C}.Debug|x64.ActiveCfg = Debug|Any CPU
		{D45C8AF7-A0C9-4A20-8627-2825FE310A8C}.Debug|x64.Build.0 = Debug|Any CPU
		{D45C8AF7-A0C9-4A20-8627-2825FE310A8C}.Debug|x86.ActiveCfg = Debug|Any CPU
		{D45C8AF7-A0C9-4A20-8627-2825FE310A8C}.Debug|x86.Build.0 = Debug|Any CPU
		{D45C8AF7-A0C9-4A20-8627-2825FE310A8C}.Release|Any CPU.ActiveCfg = Release|Any CPU
		{D45C8AF7-A0C9-4A20-8627-2825FE310A8C}.Release|Any CPU.Build.0 = Release|Any CPU
		{D45C8AF7-A0C9-4A20-8627-2825FE310A8C}.Release|x64.ActiveCfg = Release|Any CPU
		{D45C8AF7-A0C9-4A20-8627-2825FE310A8C}.Release|x64.Build.0 = Release|Any CPU
		{D45C8AF7-A0C9-4A20-8627-2825FE310A8C}.Release|x86.ActiveCfg = Release|Any CPU
		{D45C8AF7-A0C9-4A20-8627-2825FE310A8C}.Release|x86.Build.0 = Release|Any CPU
		{C8679F6C-F688-4489-A60E-06534E4954CE}.Debug|Any CPU.ActiveCfg = Debug|Any CPU
		{C8679F6C-F688-4489-A60E-06534E4954CE}.Debug|Any CPU.Build.0 = Debug|Any CPU
		{C8679F6C-F688-4489-A60E-06534E4954CE}.Debug|x64.ActiveCfg = Debug|Any CPU
		{C8679F6C-F688-4489-A60E-06534E4954CE}.Debug|x64.Build.0 = Debug|Any CPU
		{C8679F6C-F688-4489-A60E-06534E4954CE}.Debug|x86.ActiveCfg = Debug|Any CPU
		{C8679F6C-F688-4489-A60E-06534E4954CE}.Debug|x86.Build.0 = Debug|Any CPU
		{C8679F6C-F688-4489-A60E-06534E4954CE}.Release|Any CPU.ActiveCfg = Release|Any CPU
		{C8679F6C-F688-4489-A60E-06534E4954CE}.Release|Any CPU.Build.0 = Release|Any CPU
		{C8679F6C-F688-4489-A60E-06534E4954CE}.Release|x64.ActiveCfg = Release|Any CPU
		{C8679F6C-F688-4489-A60E-06534E4954CE}.Release|x64.Build.0 = Release|Any CPU
		{C8679F6C-F688-4489-A60E-06534E4954CE}.Release|x86.ActiveCfg = Release|Any CPU
		{C8679F6C-F688-4489-A60E-06534E4954CE}.Release|x86.Build.0 = Release|Any CPU
		{B74A57F9-7F31-405C-B1F5-AE000111F094}.Debug|Any CPU.ActiveCfg = Debug|Any CPU
		{B74A57F9-7F31-405C-B1F5-AE000111F094}.Debug|Any CPU.Build.0 = Debug|Any CPU
		{B74A57F9-7F31-405C-B1F5-AE000111F094}.Debug|x64.ActiveCfg = Debug|Any CPU
		{B74A57F9-7F31-405C-B1F5-AE000111F094}.Debug|x64.Build.0 = Debug|Any CPU
		{B74A57F9-7F31-405C-B1F5-AE000111F094}.Debug|x86.ActiveCfg = Debug|Any CPU
		{B74A57F9-7F31-405C-B1F5-AE000111F094}.Debug|x86.Build.0 = Debug|Any CPU
		{B74A57F9-7F31-405C-B1F5-AE000111F094}.Release|Any CPU.ActiveCfg = Release|Any CPU
		{B74A57F9-7F31-405C-B1F5-AE000111F094}.Release|Any CPU.Build.0 = Release|Any CPU
		{B74A57F9-7F31-405C-B1F5-AE000111F094}.Release|x64.ActiveCfg = Release|Any CPU
		{B74A57F9-7F31-405C-B1F5-AE000111F094}.Release|x64.Build.0 = Release|Any CPU
		{B74A57F9-7F31-405C-B1F5-AE000111F094}.Release|x86.ActiveCfg = Release|Any CPU
		{B74A57F9-7F31-405C-B1F5-AE000111F094}.Release|x86.Build.0 = Release|Any CPU
		{ED06BB54-AD81-4608-9A66-FDF73B220F58}.Debug|Any CPU.ActiveCfg = Debug|Any CPU
		{ED06BB54-AD81-4608-9A66-FDF73B220F58}.Debug|Any CPU.Build.0 = Debug|Any CPU
		{ED06BB54-AD81-4608-9A66-FDF73B220F58}.Debug|x64.ActiveCfg = Debug|Any CPU
		{ED06BB54-AD81-4608-9A66-FDF73B220F58}.Debug|x64.Build.0 = Debug|Any CPU
		{ED06BB54-AD81-4608-9A66-FDF73B220F58}.Debug|x86.ActiveCfg = Debug|Any CPU
		{ED06BB54-AD81-4608-9A66-FDF73B220F58}.Debug|x86.Build.0 = Debug|Any CPU
		{ED06BB54-AD81-4608-9A66-FDF73B220F58}.Release|Any CPU.ActiveCfg = Release|Any CPU
		{ED06BB54-AD81-4608-9A66-FDF73B220F58}.Release|Any CPU.Build.0 = Release|Any CPU
		{ED06BB54-AD81-4608-9A66-FDF73B220F58}.Release|x64.ActiveCfg = Release|Any CPU
		{ED06BB54-AD81-4608-9A66-FDF73B220F58}.Release|x64.Build.0 = Release|Any CPU
		{ED06BB54-AD81-4608-9A66-FDF73B220F58}.Release|x86.ActiveCfg = Release|Any CPU
		{ED06BB54-AD81-4608-9A66-FDF73B220F58}.Release|x86.Build.0 = Release|Any CPU
		{4429EBD7-CF85-41D9-BE47-C89DA384416E}.Debug|Any CPU.ActiveCfg = Debug|Any CPU
		{4429EBD7-CF85-41D9-BE47-C89DA384416E}.Debug|Any CPU.Build.0 = Debug|Any CPU
		{4429EBD7-CF85-41D9-BE47-C89DA384416E}.Debug|x64.ActiveCfg = Debug|Any CPU
		{4429EBD7-CF85-41D9-BE47-C89DA384416E}.Debug|x64.Build.0 = Debug|Any CPU
		{4429EBD7-CF85-41D9-BE47-C89DA384416E}.Debug|x86.ActiveCfg = Debug|Any CPU
		{4429EBD7-CF85-41D9-BE47-C89DA384416E}.Debug|x86.Build.0 = Debug|Any CPU
		{4429EBD7-CF85-41D9-BE47-C89DA384416E}.Release|Any CPU.ActiveCfg = Release|Any CPU
		{4429EBD7-CF85-41D9-BE47-C89DA384416E}.Release|Any CPU.Build.0 = Release|Any CPU
		{4429EBD7-CF85-41D9-BE47-C89DA384416E}.Release|x64.ActiveCfg = Release|Any CPU
		{4429EBD7-CF85-41D9-BE47-C89DA384416E}.Release|x64.Build.0 = Release|Any CPU
		{4429EBD7-CF85-41D9-BE47-C89DA384416E}.Release|x86.ActiveCfg = Release|Any CPU
		{4429EBD7-CF85-41D9-BE47-C89DA384416E}.Release|x86.Build.0 = Release|Any CPU
		{D6E77650-CF58-49FD-A5BD-48BDE578F66D}.Debug|Any CPU.ActiveCfg = Debug|Any CPU
		{D6E77650-CF58-49FD-A5BD-48BDE578F66D}.Debug|Any CPU.Build.0 = Debug|Any CPU
		{D6E77650-CF58-49FD-A5BD-48BDE578F66D}.Debug|x64.ActiveCfg = Debug|Any CPU
		{D6E77650-CF58-49FD-A5BD-48BDE578F66D}.Debug|x64.Build.0 = Debug|Any CPU
		{D6E77650-CF58-49FD-A5BD-48BDE578F66D}.Debug|x86.ActiveCfg = Debug|Any CPU
		{D6E77650-CF58-49FD-A5BD-48BDE578F66D}.Debug|x86.Build.0 = Debug|Any CPU
		{D6E77650-CF58-49FD-A5BD-48BDE578F66D}.Release|Any CPU.ActiveCfg = Release|Any CPU
		{D6E77650-CF58-49FD-A5BD-48BDE578F66D}.Release|Any CPU.Build.0 = Release|Any CPU
		{D6E77650-CF58-49FD-A5BD-48BDE578F66D}.Release|x64.ActiveCfg = Release|Any CPU
		{D6E77650-CF58-49FD-A5BD-48BDE578F66D}.Release|x64.Build.0 = Release|Any CPU
		{D6E77650-CF58-49FD-A5BD-48BDE578F66D}.Release|x86.ActiveCfg = Release|Any CPU
		{D6E77650-CF58-49FD-A5BD-48BDE578F66D}.Release|x86.Build.0 = Release|Any CPU
	EndGlobalSection
	GlobalSection(SolutionProperties) = preSolution
		HideSolutionNode = FALSE
	EndGlobalSection
	GlobalSection(NestedProjects) = preSolution
		{ED06BB54-AD81-4608-9A66-FDF73B220F58} = {0AB3BF05-4346-4AA6-1389-037BE0695223}
	EndGlobalSection
EndGlobal
